
Microsoft Visual Studio Solution File, Format Version 12.00
# Visual Studio Version 16
VisualStudioVersion = 16.0.30717.126
MinimumVisualStudioVersion = 10.0.40219.1
Project("{8BC9CEB8-8B4A-11D0-8D11-00A0C91BC942}") = "Nháp", "Nháp\Nháp.vcxproj", "{DB310537-B57E-4270-A025-3905B1AECDC7}"
EndProject
Global
	GlobalSection(SolutionConfigurationPlatforms) = preSolution
		Debug|x64 = Debug|x64
		Debug|x86 = Debug|x86
		Release|x64 = Release|x64
		Release|x86 = Release|x86
	EndGlobalSection
	GlobalSection(ProjectConfigurationPlatforms) = postSolution
		{DB310537-B57E-4270-A025-3905B1AECDC7}.Debug|x64.ActiveCfg = Debug|x64
		{DB310537-B57E-4270-A025-3905B1AECDC7}.Debug|x64.Build.0 = Debug|x64
		{DB310537-B57E-4270-A025-3905B1AECDC7}.Debug|x86.ActiveCfg = Debug|Win32
		{DB310537-B57E-4270-A025-3905B1AECDC7}.Debug|x86.Build.0 = Debug|Win32
		{DB310537-B57E-4270-A025-3905B1AECDC7}.Release|x64.ActiveCfg = Release|x64
		{DB310537-B57E-4270-A025-3905B1AECDC7}.Release|x64.Build.0 = Release|x64
		{DB310537-B57E-4270-A025-3905B1AECDC7}.Release|x86.ActiveCfg = Release|Win32
		{DB310537-B57E-4270-A025-3905B1AECDC7}.Release|x86.Build.0 = Release|Win32
	EndGlobalSection
	GlobalSection(SolutionProperties) = preSolution
		HideSolutionNode = FALSE
	EndGlobalSection
	GlobalSection(ExtensibilityGlobals) = postSolution
		SolutionGuid = {D91E8D31-4C74-4B0E-95A7-758697CB673E}
	EndGlobalSection
EndGlobal
